
Microsoft Visual Studio Solution File, Format Version 12.00
# Visual Studio Version 17
VisualStudioVersion = 17.5.33502.453
MinimumVisualStudioVersion = 10.0.40219.1
Project("{FAE04EC0-301F-11D3-BF4B-00C04F79EFBC}") = "PostgresDB", "PostgresDB\PostgresDB.csproj", "{28CDF2C6-0266-4374-A49D-69EF4348B9B0}"
EndProject
Global
	GlobalSection(SolutionConfigurationPlatforms) = preSolution
		Debug|Any CPU = Debug|Any CPU
		Release|Any CPU = Release|Any CPU
	EndGlobalSection
	GlobalSection(ProjectConfigurationPlatforms) = postSolution
		{28CDF2C6-0266-4374-A49D-69EF4348B9B0}.Debug|Any CPU.ActiveCfg = Debug|Any CPU
		{28CDF2C6-0266-4374-A49D-69EF4348B9B0}.Debug|Any CPU.Build.0 = Debug|Any CPU
		{28CDF2C6-0266-4374-A49D-69EF4348B9B0}.Release|Any CPU.ActiveCfg = Release|Any CPU
		{28CDF2C6-0266-4374-A49D-69EF4348B9B0}.Release|Any CPU.Build.0 = Release|Any CPU
	EndGlobalSection
	GlobalSection(SolutionProperties) = preSolution
		HideSolutionNode = FALSE
	EndGlobalSection
	GlobalSection(ExtensibilityGlobals) = postSolution
		SolutionGuid = {06E5E3A1-63A3-4BAC-842D-AAC467E0146C}
	EndGlobalSection
EndGlobal
