
Microsoft Visual Studio Solution File, Format Version 12.00
# Visual Studio Version 17
VisualStudioVersion = 17.5.33424.131
MinimumVisualStudioVersion = 10.0.40219.1
Project("{FAE04EC0-301F-11D3-BF4B-00C04F79EFBC}") = "BulkyBookWeb", "BulkyBookWeb\BulkyBookWeb.csproj", "{83674B52-7B83-4944-B07C-0E95A1332518}"
EndProject
Global
	GlobalSection(SolutionConfigurationPlatforms) = preSolution
		Debug|Any CPU = Debug|Any CPU
		Release|Any CPU = Release|Any CPU
	EndGlobalSection
	GlobalSection(ProjectConfigurationPlatforms) = postSolution
		{83674B52-7B83-4944-B07C-0E95A1332518}.Debug|Any CPU.ActiveCfg = Debug|Any CPU
		{83674B52-7B83-4944-B07C-0E95A1332518}.Debug|Any CPU.Build.0 = Debug|Any CPU
		{83674B52-7B83-4944-B07C-0E95A1332518}.Release|Any CPU.ActiveCfg = Release|Any CPU
		{83674B52-7B83-4944-B07C-0E95A1332518}.Release|Any CPU.Build.0 = Release|Any CPU
	EndGlobalSection
	GlobalSection(SolutionProperties) = preSolution
		HideSolutionNode = FALSE
	EndGlobalSection
	GlobalSection(ExtensibilityGlobals) = postSolution
		SolutionGuid = {440ADF04-F6B3-412D-B3EB-E35096C98CA8}
	EndGlobalSection
EndGlobal
